// !$*UTF8*$!
{
	archiveVersion = 1;
	classes = {
	};
	objectVersion = 55;
	objects = {

/* Begin PBXBuildFile section */
		05E6BA172768972C00561F32 /* AppDelegate.swift in Sources */ = {isa = PBXBuildFile; fileRef = 05E6BA162768972C00561F32 /* AppDelegate.swift */; };
		05E6BA192768972C00561F32 /* SceneDelegate.swift in Sources */ = {isa = PBXBuildFile; fileRef = 05E6BA182768972C00561F32 /* SceneDelegate.swift */; };
		05E6BA1B2768972C00561F32 /* ViewController.swift in Sources */ = {isa = PBXBuildFile; fileRef = 05E6BA1A2768972C00561F32 /* ViewController.swift */; };
		05E6BA1E2768972C00561F32 /* Main.storyboard in Resources */ = {isa = PBXBuildFile; fileRef = 05E6BA1C2768972C00561F32 /* Main.storyboard */; };
		05E6BA202768972D00561F32 /* Assets.xcassets in Resources */ = {isa = PBXBuildFile; fileRef = 05E6BA1F2768972D00561F32 /* Assets.xcassets */; };
		05E6BA232768972D00561F32 /* LaunchScreen.storyboard in Resources */ = {isa = PBXBuildFile; fileRef = 05E6BA212768972D00561F32 /* LaunchScreen.storyboard */; };
		05E6BA2E2768972E00561F32 /* GitHubClientTests.swift in Sources */ = {isa = PBXBuildFile; fileRef = 05E6BA2D2768972E00561F32 /* GitHubClientTests.swift */; };
		05E6BA382768972E00561F32 /* GitHubClientUITests.swift in Sources */ = {isa = PBXBuildFile; fileRef = 05E6BA372768972E00561F32 /* GitHubClientUITests.swift */; };
		05E6BA3A2768972E00561F32 /* GitHubClientUITestsLaunchTests.swift in Sources */ = {isa = PBXBuildFile; fileRef = 05E6BA392768972E00561F32 /* GitHubClientUITestsLaunchTests.swift */; };
		05E6BA472768978300561F32 /* User.swift in Sources */ = {isa = PBXBuildFile; fileRef = 05E6BA462768978300561F32 /* User.swift */; };
		05E6BA492768979600561F32 /* API.swift in Sources */ = {isa = PBXBuildFile; fileRef = 05E6BA482768979600561F32 /* API.swift */; };
		05E6BA4B276897AD00561F32 /* ImageDownloader.swift in Sources */ = {isa = PBXBuildFile; fileRef = 05E6BA4A276897AD00561F32 /* ImageDownloader.swift */; };
		05E6BA4D276897CA00561F32 /* UserListViewModel.swift in Sources */ = {isa = PBXBuildFile; fileRef = 05E6BA4C276897CA00561F32 /* UserListViewModel.swift */; };
		05E6BA4F276897E400561F32 /* UserCellViewModel.swift in Sources */ = {isa = PBXBuildFile; fileRef = 05E6BA4E276897E400561F32 /* UserCellViewModel.swift */; };
		05E6BA51276897F500561F32 /* TimeLineCell.swift in Sources */ = {isa = PBXBuildFile; fileRef = 05E6BA50276897F500561F32 /* TimeLineCell.swift */; };
		05E6BA532768980C00561F32 /* TimeLineCellController.swift in Sources */ = {isa = PBXBuildFile; fileRef = 05E6BA522768980C00561F32 /* TimeLineCellController.swift */; };
/* End PBXBuildFile section */

/* Begin PBXContainerItemProxy section */
		05E6BA2A2768972E00561F32 /* PBXContainerItemProxy */ = {
			isa = PBXContainerItemProxy;
			containerPortal = 05E6BA0B2768972C00561F32 /* Project object */;
			proxyType = 1;
			remoteGlobalIDString = 05E6BA122768972C00561F32;
			remoteInfo = GitHubClient;
		};
		05E6BA342768972E00561F32 /* PBXContainerItemProxy */ = {
			isa = PBXContainerItemProxy;
			containerPortal = 05E6BA0B2768972C00561F32 /* Project object */;
			proxyType = 1;
			remoteGlobalIDString = 05E6BA122768972C00561F32;
			remoteInfo = GitHubClient;
		};
/* End PBXContainerItemProxy section */

/* Begin PBXFileReference section */
		05E6BA132768972C00561F32 /* GitHubClient.app */ = {isa = PBXFileReference; explicitFileType = wrapper.application; includeInIndex = 0; path = GitHubClient.app; sourceTree = BUILT_PRODUCTS_DIR; };
		05E6BA162768972C00561F32 /* AppDelegate.swift */ = {isa = PBXFileReference; lastKnownFileType = sourcecode.swift; path = AppDelegate.swift; sourceTree = "<group>"; };
		05E6BA182768972C00561F32 /* SceneDelegate.swift */ = {isa = PBXFileReference; lastKnownFileType = sourcecode.swift; path = SceneDelegate.swift; sourceTree = "<group>"; };
		05E6BA1A2768972C00561F32 /* ViewController.swift */ = {isa = PBXFileReference; lastKnownFileType = sourcecode.swift; path = ViewController.swift; sourceTree = "<group>"; };
		05E6BA1D2768972C00561F32 /* Base */ = {isa = PBXFileReference; lastKnownFileType = file.storyboard; name = Base; path = Base.lproj/Main.storyboard; sourceTree = "<group>"; };
		05E6BA1F2768972D00561F32 /* Assets.xcassets */ = {isa = PBXFileReference; lastKnownFileType = folder.assetcatalog; path = Assets.xcassets; sourceTree = "<group>"; };
		05E6BA222768972D00561F32 /* Base */ = {isa = PBXFileReference; lastKnownFileType = file.storyboard; name = Base; path = Base.lproj/LaunchScreen.storyboard; sourceTree = "<group>"; };
		05E6BA242768972D00561F32 /* Info.plist */ = {isa = PBXFileReference; lastKnownFileType = text.plist.xml; path = Info.plist; sourceTree = "<group>"; };
		05E6BA292768972E00561F32 /* GitHubClientTests.xctest */ = {isa = PBXFileReference; explicitFileType = wrapper.cfbundle; includeInIndex = 0; path = GitHubClientTests.xctest; sourceTree = BUILT_PRODUCTS_DIR; };
		05E6BA2D2768972E00561F32 /* GitHubClientTests.swift */ = {isa = PBXFileReference; lastKnownFileType = sourcecode.swift; path = GitHubClientTests.swift; sourceTree = "<group>"; };
		05E6BA332768972E00561F32 /* GitHubClientUITests.xctest */ = {isa = PBXFileReference; explicitFileType = wrapper.cfbundle; includeInIndex = 0; path = GitHubClientUITests.xctest; sourceTree = BUILT_PRODUCTS_DIR; };
		05E6BA372768972E00561F32 /* GitHubClientUITests.swift */ = {isa = PBXFileReference; lastKnownFileType = sourcecode.swift; path = GitHubClientUITests.swift; sourceTree = "<group>"; };
		05E6BA392768972E00561F32 /* GitHubClientUITestsLaunchTests.swift */ = {isa = PBXFileReference; lastKnownFileType = sourcecode.swift; path = GitHubClientUITestsLaunchTests.swift; sourceTree = "<group>"; };
		05E6BA462768978300561F32 /* User.swift */ = {isa = PBXFileReference; lastKnownFileType = sourcecode.swift; path = User.swift; sourceTree = "<group>"; };
		05E6BA482768979600561F32 /* API.swift */ = {isa = PBXFileReference; lastKnownFileType = sourcecode.swift; path = API.swift; sourceTree = "<group>"; };
		05E6BA4A276897AD00561F32 /* ImageDownloader.swift */ = {isa = PBXFileReference; lastKnownFileType = sourcecode.swift; path = ImageDownloader.swift; sourceTree = "<group>"; };
		05E6BA4C276897CA00561F32 /* UserListViewModel.swift */ = {isa = PBXFileReference; lastKnownFileType = sourcecode.swift; path = UserListViewModel.swift; sourceTree = "<group>"; };
		05E6BA4E276897E400561F32 /* UserCellViewModel.swift */ = {isa = PBXFileReference; lastKnownFileType = sourcecode.swift; path = UserCellViewModel.swift; sourceTree = "<group>"; };
		05E6BA50276897F500561F32 /* TimeLineCell.swift */ = {isa = PBXFileReference; lastKnownFileType = sourcecode.swift; path = TimeLineCell.swift; sourceTree = "<group>"; };
		05E6BA522768980C00561F32 /* TimeLineCellController.swift */ = {isa = PBXFileReference; lastKnownFileType = sourcecode.swift; path = TimeLineCellController.swift; sourceTree = "<group>"; };
/* End PBXFileReference section */

/* Begin PBXFrameworksBuildPhase section */
		05E6BA102768972C00561F32 /* Frameworks */ = {
			isa = PBXFrameworksBuildPhase;
			buildActionMask = 2147483647;
			files = (
			);
			runOnlyForDeploymentPostprocessing = 0;
		};
		05E6BA262768972E00561F32 /* Frameworks */ = {
			isa = PBXFrameworksBuildPhase;
			buildActionMask = 2147483647;
			files = (
			);
			runOnlyForDeploymentPostprocessing = 0;
		};
		05E6BA302768972E00561F32 /* Frameworks */ = {
			isa = PBXFrameworksBuildPhase;
			buildActionMask = 2147483647;
			files = (
			);
			runOnlyForDeploymentPostprocessing = 0;
		};
/* End PBXFrameworksBuildPhase section */

/* Begin PBXGroup section */
		05E6BA0A2768972C00561F32 = {
			isa = PBXGroup;
			children = (
				05E6BA152768972C00561F32 /* GitHubClient */,
				05E6BA2C2768972E00561F32 /* GitHubClientTests */,
				05E6BA362768972E00561F32 /* GitHubClientUITests */,
				05E6BA142768972C00561F32 /* Products */,
			);
			sourceTree = "<group>";
		};
		05E6BA142768972C00561F32 /* Products */ = {
			isa = PBXGroup;
			children = (
				05E6BA132768972C00561F32 /* GitHubClient.app */,
				05E6BA292768972E00561F32 /* GitHubClientTests.xctest */,
				05E6BA332768972E00561F32 /* GitHubClientUITests.xctest */,
			);
			name = Products;
			sourceTree = "<group>";
		};
		05E6BA152768972C00561F32 /* GitHubClient */ = {
			isa = PBXGroup;
			children = (
				05E6BA162768972C00561F32 /* AppDelegate.swift */,
				05E6BA182768972C00561F32 /* SceneDelegate.swift */,
				05E6BA1A2768972C00561F32 /* ViewController.swift */,
				05E6BA1C2768972C00561F32 /* Main.storyboard */,
				05E6BA1F2768972D00561F32 /* Assets.xcassets */,
				05E6BA212768972D00561F32 /* LaunchScreen.storyboard */,
				05E6BA242768972D00561F32 /* Info.plist */,
				05E6BA462768978300561F32 /* User.swift */,
				05E6BA482768979600561F32 /* API.swift */,
				05E6BA4A276897AD00561F32 /* ImageDownloader.swift */,
				05E6BA4C276897CA00561F32 /* UserListViewModel.swift */,
				05E6BA4E276897E400561F32 /* UserCellViewModel.swift */,
				05E6BA50276897F500561F32 /* TimeLineCell.swift */,
				05E6BA522768980C00561F32 /* TimeLineCellController.swift */,
			);
			path = GitHubClient;
			sourceTree = "<group>";
		};
		05E6BA2C2768972E00561F32 /* GitHubClientTests */ = {
			isa = PBXGroup;
			children = (
				05E6BA2D2768972E00561F32 /* GitHubClientTests.swift */,
			);
			path = GitHubClientTests;
			sourceTree = "<group>";
		};
		05E6BA362768972E00561F32 /* GitHubClientUITests */ = {
			isa = PBXGroup;
			children = (
				05E6BA372768972E00561F32 /* GitHubClientUITests.swift */,
				05E6BA392768972E00561F32 /* GitHubClientUITestsLaunchTests.swift */,
			);
			path = GitHubClientUITests;
			sourceTree = "<group>";
		};
/* End PBXGroup section */

/* Begin PBXNativeTarget section */
		05E6BA122768972C00561F32 /* GitHubClient */ = {
			isa = PBXNativeTarget;
			buildConfigurationList = 05E6BA3D2768972E00561F32 /* Build configuration list for PBXNativeTarget "GitHubClient" */;
			buildPhases = (
				05E6BA0F2768972C00561F32 /* Sources */,
				05E6BA102768972C00561F32 /* Frameworks */,
				05E6BA112768972C00561F32 /* Resources */,
			);
			buildRules = (
			);
			dependencies = (
			);
			name = GitHubClient;
			productName = GitHubClient;
			productReference = 05E6BA132768972C00561F32 /* GitHubClient.app */;
			productType = "com.apple.product-type.application";
		};
		05E6BA282768972E00561F32 /* GitHubClientTests */ = {
			isa = PBXNativeTarget;
			buildConfigurationList = 05E6BA402768972E00561F32 /* Build configuration list for PBXNativeTarget "GitHubClientTests" */;
			buildPhases = (
				05E6BA252768972E00561F32 /* Sources */,
				05E6BA262768972E00561F32 /* Frameworks */,
				05E6BA272768972E00561F32 /* Resources */,
			);
			buildRules = (
			);
			dependencies = (
				05E6BA2B2768972E00561F32 /* PBXTargetDependency */,
			);
			name = GitHubClientTests;
			productName = GitHubClientTests;
			productReference = 05E6BA292768972E00561F32 /* GitHubClientTests.xctest */;
			productType = "com.apple.product-type.bundle.unit-test";
		};
		05E6BA322768972E00561F32 /* GitHubClientUITests */ = {
			isa = PBXNativeTarget;
			buildConfigurationList = 05E6BA432768972E00561F32 /* Build configuration list for PBXNativeTarget "GitHubClientUITests" */;
			buildPhases = (
				05E6BA2F2768972E00561F32 /* Sources */,
				05E6BA302768972E00561F32 /* Frameworks */,
				05E6BA312768972E00561F32 /* Resources */,
			);
			buildRules = (
			);
			dependencies = (
				05E6BA352768972E00561F32 /* PBXTargetDependency */,
			);
			name = GitHubClientUITests;
			productName = GitHubClientUITests;
			productReference = 05E6BA332768972E00561F32 /* GitHubClientUITests.xctest */;
			productType = "com.apple.product-type.bundle.ui-testing";
		};
/* End PBXNativeTarget section */

/* Begin PBXProject section */
		05E6BA0B2768972C00561F32 /* Project object */ = {
			isa = PBXProject;
			attributes = {
				BuildIndependentTargetsInParallel = 1;
				LastSwiftUpdateCheck = 1310;
				LastUpgradeCheck = 1310;
				TargetAttributes = {
					05E6BA122768972C00561F32 = {
						CreatedOnToolsVersion = 13.1;
					};
					05E6BA282768972E00561F32 = {
						CreatedOnToolsVersion = 13.1;
						TestTargetID = 05E6BA122768972C00561F32;
					};
					05E6BA322768972E00561F32 = {
						CreatedOnToolsVersion = 13.1;
						TestTargetID = 05E6BA122768972C00561F32;
					};
				};
			};
			buildConfigurationList = 05E6BA0E2768972C00561F32 /* Build configuration list for PBXProject "GitHubClient" */;
			compatibilityVersion = "Xcode 13.0";
			developmentRegion = en;
			hasScannedForEncodings = 0;
			knownRegions = (
				en,
				Base,
			);
			mainGroup = 05E6BA0A2768972C00561F32;
			productRefGroup = 05E6BA142768972C00561F32 /* Products */;
			projectDirPath = "";
			projectRoot = "";
			targets = (
				05E6BA122768972C00561F32 /* GitHubClient */,
				05E6BA282768972E00561F32 /* GitHubClientTests */,
				05E6BA322768972E00561F32 /* GitHubClientUITests */,
			);
		};
/* End PBXProject section */

/* Begin PBXResourcesBuildPhase section */
		05E6BA112768972C00561F32 /* Resources */ = {
			isa = PBXResourcesBuildPhase;
			buildActionMask = 2147483647;
			files = (
				05E6BA232768972D00561F32 /* LaunchScreen.storyboard in Resources */,
				05E6BA202768972D00561F32 /* Assets.xcassets in Resources */,
				05E6BA1E2768972C00561F32 /* Main.storyboard in Resources */,
			);
			runOnlyForDeploymentPostprocessing = 0;
		};
		05E6BA272768972E00561F32 /* Resources */ = {
			isa = PBXResourcesBuildPhase;
			buildActionMask = 2147483647;
			files = (
			);
			runOnlyForDeploymentPostprocessing = 0;
		};
		05E6BA312768972E00561F32 /* Resources */ = {
			isa = PBXResourcesBuildPhase;
			buildActionMask = 2147483647;
			files = (
			);
			runOnlyForDeploymentPostprocessing = 0;
		};
/* End PBXResourcesBuildPhase section */

/* Begin PBXSourcesBuildPhase section */
		05E6BA0F2768972C00561F32 /* Sources */ = {
			isa = PBXSourcesBuildPhase;
			buildActionMask = 2147483647;
			files = (
				05E6BA472768978300561F32 /* User.swift in Sources */,
				05E6BA1B2768972C00561F32 /* ViewController.swift in Sources */,
				05E6BA4D276897CA00561F32 /* UserListViewModel.swift in Sources */,
				05E6BA172768972C00561F32 /* AppDelegate.swift in Sources */,
				05E6BA532768980C00561F32 /* TimeLineCellController.swift in Sources */,
				05E6BA192768972C00561F32 /* SceneDelegate.swift in Sources */,
				05E6BA4F276897E400561F32 /* UserCellViewModel.swift in Sources */,
				05E6BA51276897F500561F32 /* TimeLineCell.swift in Sources */,
				05E6BA4B276897AD00561F32 /* ImageDownloader.swift in Sources */,
				05E6BA492768979600561F32 /* API.swift in Sources */,
			);
			runOnlyForDeploymentPostprocessing = 0;
		};
		05E6BA252768972E00561F32 /* Sources */ = {
			isa = PBXSourcesBuildPhase;
			buildActionMask = 2147483647;
			files = (
				05E6BA2E2768972E00561F32 /* GitHubClientTests.swift in Sources */,
			);
			runOnlyForDeploymentPostprocessing = 0;
		};
		05E6BA2F2768972E00561F32 /* Sources */ = {
			isa = PBXSourcesBuildPhase;
			buildActionMask = 2147483647;
			files = (
				05E6BA3A2768972E00561F32 /* GitHubClientUITestsLaunchTests.swift in Sources */,
				05E6BA382768972E00561F32 /* GitHubClientUITests.swift in Sources */,
			);
			runOnlyForDeploymentPostprocessing = 0;
		};
/* End PBXSourcesBuildPhase section */

/* Begin PBXTargetDependency section */
		05E6BA2B2768972E00561F32 /* PBXTargetDependency */ = {
			isa = PBXTargetDependency;
			target = 05E6BA122768972C00561F32 /* GitHubClient */;
			targetProxy = 05E6BA2A2768972E00561F32 /* PBXContainerItemProxy */;
		};
		05E6BA352768972E00561F32 /* PBXTargetDependency */ = {
			isa = PBXTargetDependency;
			target = 05E6BA122768972C00561F32 /* GitHubClient */;
			targetProxy = 05E6BA342768972E00561F32 /* PBXContainerItemProxy */;
		};
/* End PBXTargetDependency section */

/* Begin PBXVariantGroup section */
		05E6BA1C2768972C00561F32 /* Main.storyboard */ = {
			isa = PBXVariantGroup;
			children = (
				05E6BA1D2768972C00561F32 /* Base */,
			);
			name = Main.storyboard;
			sourceTree = "<group>";
		};
		05E6BA212768972D00561F32 /* LaunchScreen.storyboard */ = {
			isa = PBXVariantGroup;
			children = (
				05E6BA222768972D00561F32 /* Base */,
			);
			name = LaunchScreen.storyboard;
			sourceTree = "<group>";
		};
/* End PBXVariantGroup section */

/* Begin XCBuildConfiguration section */
		05E6BA3B2768972E00561F32 /* Debug */ = {
			isa = XCBuildConfiguration;
			buildSettings = {
				ALWAYS_SEARCH_USER_PATHS = NO;
				CLANG_ANALYZER_NONNULL = YES;
				CLANG_ANALYZER_NUMBER_OBJECT_CONVERSION = YES_AGGRESSIVE;
				CLANG_CXX_LANGUAGE_STANDARD = "gnu++17";
				CLANG_CXX_LIBRARY = "libc++";
				CLANG_ENABLE_MODULES = YES;
				CLANG_ENABLE_OBJC_ARC = YES;
				CLANG_ENABLE_OBJC_WEAK = YES;
				CLANG_WARN_BLOCK_CAPTURE_AUTORELEASING = YES;
				CLANG_WARN_BOOL_CONVERSION = YES;
				CLANG_WARN_COMMA = YES;
				CLANG_WARN_CONSTANT_CONVERSION = YES;
				CLANG_WARN_DEPRECATED_OBJC_IMPLEMENTATIONS = YES;
				CLANG_WARN_DIRECT_OBJC_ISA_USAGE = YES_ERROR;
				CLANG_WARN_DOCUMENTATION_COMMENTS = YES;
				CLANG_WARN_EMPTY_BODY = YES;
				CLANG_WARN_ENUM_CONVERSION = YES;
				CLANG_WARN_INFINITE_RECURSION = YES;
				CLANG_WARN_INT_CONVERSION = YES;
				CLANG_WARN_NON_LITERAL_NULL_CONVERSION = YES;
				CLANG_WARN_OBJC_IMPLICIT_RETAIN_SELF = YES;
				CLANG_WARN_OBJC_LITERAL_CONVERSION = YES;
				CLANG_WARN_OBJC_ROOT_CLASS = YES_ERROR;
				CLANG_WARN_QUOTED_INCLUDE_IN_FRAMEWORK_HEADER = YES;
				CLANG_WARN_RANGE_LOOP_ANALYSIS = YES;
				CLANG_WARN_STRICT_PROTOTYPES = YES;
				CLANG_WARN_SUSPICIOUS_MOVE = YES;
				CLANG_WARN_UNGUARDED_AVAILABILITY = YES_AGGRESSIVE;
				CLANG_WARN_UNREACHABLE_CODE = YES;
				CLANG_WARN__DUPLICATE_METHOD_MATCH = YES;
				COPY_PHASE_STRIP = NO;
				DEBUG_INFORMATION_FORMAT = dwarf;
				ENABLE_STRICT_OBJC_MSGSEND = YES;
				ENABLE_TESTABILITY = YES;
				GCC_C_LANGUAGE_STANDARD = gnu11;
				GCC_DYNAMIC_NO_PIC = NO;
				GCC_NO_COMMON_BLOCKS = YES;
				GCC_OPTIMIZATION_LEVEL = 0;
				GCC_PREPROCESSOR_DEFINITIONS = (
					"DEBUG=1",
					"$(inherited)",
				);
				GCC_WARN_64_TO_32_BIT_CONVERSION = YES;
				GCC_WARN_ABOUT_RETURN_TYPE = YES_ERROR;
				GCC_WARN_UNDECLARED_SELECTOR = YES;
				GCC_WARN_UNINITIALIZED_AUTOS = YES_AGGRESSIVE;
				GCC_WARN_UNUSED_FUNCTION = YES;
				GCC_WARN_UNUSED_VARIABLE = YES;
				IPHONEOS_DEPLOYMENT_TARGET = 15.0;
				MTL_ENABLE_DEBUG_INFO = INCLUDE_SOURCE;
				MTL_FAST_MATH = YES;
				ONLY_ACTIVE_ARCH = YES;
				SDKROOT = iphoneos;
				SWIFT_ACTIVE_COMPILATION_CONDITIONS = DEBUG;
				SWIFT_OPTIMIZATION_LEVEL = "-Onone";
			};
			name = Debug;
		};
		05E6BA3C2768972E00561F32 /* Release */ = {
			isa = XCBuildConfiguration;
			buildSettings = {
				ALWAYS_SEARCH_USER_PATHS = NO;
				CLANG_ANALYZER_NONNULL = YES;
				CLANG_ANALYZER_NUMBER_OBJECT_CONVERSION = YES_AGGRESSIVE;
				CLANG_CXX_LANGUAGE_STANDARD = "gnu++17";
				CLANG_CXX_LIBRARY = "libc++";
				CLANG_ENABLE_MODULES = YES;
				CLANG_ENABLE_OBJC_ARC = YES;
				CLANG_ENABLE_OBJC_WEAK = YES;
				CLANG_WARN_BLOCK_CAPTURE_AUTORELEASING = YES;
				CLANG_WARN_BOOL_CONVERSION = YES;
				CLANG_WARN_COMMA = YES;
				CLANG_WARN_CONSTANT_CONVERSION = YES;
				CLANG_WARN_DEPRECATED_OBJC_IMPLEMENTATIONS = YES;
				CLANG_WARN_DIRECT_OBJC_ISA_USAGE = YES_ERROR;
				CLANG_WARN_DOCUMENTATION_COMMENTS = YES;
				CLANG_WARN_EMPTY_BODY = YES;
				CLANG_WARN_ENUM_CONVERSION = YES;
				CLANG_WARN_INFINITE_RECURSION = YES;
				CLANG_WARN_INT_CONVERSION = YES;
				CLANG_WARN_NON_LITERAL_NULL_CONVERSION = YES;
				CLANG_WARN_OBJC_IMPLICIT_RETAIN_SELF = YES;
				CLANG_WARN_OBJC_LITERAL_CONVERSION = YES;
				CLANG_WARN_OBJC_ROOT_CLASS = YES_ERROR;
				CLANG_WARN_QUOTED_INCLUDE_IN_FRAMEWORK_HEADER = YES;
				CLANG_WARN_RANGE_LOOP_ANALYSIS = YES;
				CLANG_WARN_STRICT_PROTOTYPES = YES;
				CLANG_WARN_SUSPICIOUS_MOVE = YES;
				CLANG_WARN_UNGUARDED_AVAILABILITY = YES_AGGRESSIVE;
				CLANG_WARN_UNREACHABLE_CODE = YES;
				CLANG_WARN__DUPLICATE_METHOD_MATCH = YES;
				COPY_PHASE_STRIP = NO;
				DEBUG_INFORMATION_FORMAT = "dwarf-with-dsym";
				ENABLE_NS_ASSERTIONS = NO;
				ENABLE_STRICT_OBJC_MSGSEND = YES;
				GCC_C_LANGUAGE_STANDARD = gnu11;
				GCC_NO_COMMON_BLOCKS = YES;
				GCC_WARN_64_TO_32_BIT_CONVERSION = YES;
				GCC_WARN_ABOUT_RETURN_TYPE = YES_ERROR;
				GCC_WARN_UNDECLARED_SELECTOR = YES;
				GCC_WARN_UNINITIALIZED_AUTOS = YES_AGGRESSIVE;
				GCC_WARN_UNUSED_FUNCTION = YES;
				GCC_WARN_UNUSED_VARIABLE = YES;
				IPHONEOS_DEPLOYMENT_TARGET = 15.0;
				MTL_ENABLE_DEBUG_INFO = NO;
				MTL_FAST_MATH = YES;
				SDKROOT = iphoneos;
				SWIFT_COMPILATION_MODE = wholemodule;
				SWIFT_OPTIMIZATION_LEVEL = "-O";
				VALIDATE_PRODUCT = YES;
			};
			name = Release;
		};
		05E6BA3E2768972E00561F32 /* Debug */ = {
			isa = XCBuildConfiguration;
			buildSettings = {
				ASSETCATALOG_COMPILER_APPICON_NAME = AppIcon;
				ASSETCATALOG_COMPILER_GLOBAL_ACCENT_COLOR_NAME = AccentColor;
				CODE_SIGN_STYLE = Automatic;
				CURRENT_PROJECT_VERSION = 1;
				GENERATE_INFOPLIST_FILE = YES;
				INFOPLIST_FILE = GitHubClient/Info.plist;
				INFOPLIST_KEY_UIApplicationSupportsIndirectInputEvents = YES;
				INFOPLIST_KEY_UILaunchStoryboardName = LaunchScreen;
				INFOPLIST_KEY_UIMainStoryboardFile = Main;
				INFOPLIST_KEY_UISupportedInterfaceOrientations_iPad = "UIInterfaceOrientationPortrait UIInterfaceOrientationPortraitUpsideDown UIInterfaceOrientationLandscapeLeft UIInterfaceOrientationLandscapeRight";
				INFOPLIST_KEY_UISupportedInterfaceOrientations_iPhone = "UIInterfaceOrientationPortrait UIInterfaceOrientationLandscapeLeft UIInterfaceOrientationLandscapeRight";
				LD_RUNPATH_SEARCH_PATHS = (
					"$(inherited)",
					"@executable_path/Frameworks",
				);
				MARKETING_VERSION = 1.0;
				PRODUCT_BUNDLE_IDENTIFIER = "st-bernard.GitHubClient";
				PRODUCT_NAME = "$(TARGET_NAME)";
				SWIFT_EMIT_LOC_STRINGS = YES;
				SWIFT_VERSION = 5.0;
				TARGETED_DEVICE_FAMILY = "1,2";
			};
			name = Debug;
		};
		05E6BA3F2768972E00561F32 /* Release */ = {
			isa = XCBuildConfiguration;
			buildSettings = {
				ASSETCATALOG_COMPILER_APPICON_NAME = AppIcon;
				ASSETCATALOG_COMPILER_GLOBAL_ACCENT_COLOR_NAME = AccentColor;
				CODE_SIGN_STYLE = Automatic;
				CURRENT_PROJECT_VERSION = 1;
				GENERATE_INFOPLIST_FILE = YES;
				INFOPLIST_FILE = GitHubClient/Info.plist;
				INFOPLIST_KEY_UIApplicationSupportsIndirectInputEvents = YES;
				INFOPLIST_KEY_UILaunchStoryboardName = LaunchScreen;
				INFOPLIST_KEY_UIMainStoryboardFile = Main;
				INFOPLIST_KEY_UISupportedInterfaceOrientations_iPad = "UIInterfaceOrientationPortrait UIInterfaceOrientationPortraitUpsideDown UIInterfaceOrientationLandscapeLeft UIInterfaceOrientationLandscapeRight";
				INFOPLIST_KEY_UISupportedInterfaceOrientations_iPhone = "UIInterfaceOrientationPortrait UIInterfaceOrientationLandscapeLeft UIInterfaceOrientationLandscapeRight";
				LD_RUNPATH_SEARCH_PATHS = (
					"$(inherited)",
					"@executable_path/Frameworks",
				);
				MARKETING_VERSION = 1.0;
				PRODUCT_BUNDLE_IDENTIFIER = "st-bernard.GitHubClient";
				PRODUCT_NAME = "$(TARGET_NAME)";
				SWIFT_EMIT_LOC_STRINGS = YES;
				SWIFT_VERSION = 5.0;
				TARGETED_DEVICE_FAMILY = "1,2";
			};
			name = Release;
		};
		05E6BA412768972E00561F32 /* Debug */ = {
			isa = XCBuildConfiguration;
			buildSettings = {
				ALWAYS_EMBED_SWIFT_STANDARD_LIBRARIES = YES;
				BUNDLE_LOADER = "$(TEST_HOST)";
				CODE_SIGN_STYLE = Automatic;
				CURRENT_PROJECT_VERSION = 1;
				GENERATE_INFOPLIST_FILE = YES;
				IPHONEOS_DEPLOYMENT_TARGET = 15.0;
				LD_RUNPATH_SEARCH_PATHS = (
					"$(inherited)",
					"@executable_path/Frameworks",
					"@loader_path/Frameworks",
				);
				MARKETING_VERSION = 1.0;
				PRODUCT_BUNDLE_IDENTIFIER = "st-bernard.GitHubClientTests";
				PRODUCT_NAME = "$(TARGET_NAME)";
				SWIFT_EMIT_LOC_STRINGS = NO;
				SWIFT_VERSION = 5.0;
				TARGETED_DEVICE_FAMILY = "1,2";
				TEST_HOST = "$(BUILT_PRODUCTS_DIR)/GitHubClient.app/GitHubClient";
			};
			name = Debug;
		};
		05E6BA422768972E00561F32 /* Release */ = {
			isa = XCBuildConfiguration;
			buildSettings = {
				ALWAYS_EMBED_SWIFT_STANDARD_LIBRARIES = YES;
				BUNDLE_LOADER = "$(TEST_HOST)";
				CODE_SIGN_STYLE = Automatic;
				CURRENT_PROJECT_VERSION = 1;
				GENERATE_INFOPLIST_FILE = YES;
				IPHONEOS_DEPLOYMENT_TARGET = 15.0;
				LD_RUNPATH_SEARCH_PATHS = (
					"$(inherited)",
					"@executable_path/Frameworks",
					"@loader_path/Frameworks",
				);
				MARKETING_VERSION = 1.0;
				PRODUCT_BUNDLE_IDENTIFIER = "st-bernard.GitHubClientTests";
				PRODUCT_NAME = "$(TARGET_NAME)";
				SWIFT_EMIT_LOC_STRINGS = NO;
				SWIFT_VERSION = 5.0;
				TARGETED_DEVICE_FAMILY = "1,2";
				TEST_HOST = "$(BUILT_PRODUCTS_DIR)/GitHubClient.app/GitHubClient";
			};
			name = Release;
		};
		05E6BA442768972E00561F32 /* Debug */ = {
			isa = XCBuildConfiguration;
			buildSettings = {
				ALWAYS_EMBED_SWIFT_STANDARD_LIBRARIES = YES;
				CODE_SIGN_STYLE = Automatic;
				CURRENT_PROJECT_VERSION = 1;
				GENERATE_INFOPLIST_FILE = YES;
				LD_RUNPATH_SEARCH_PATHS = (
					"$(inherited)",
					"@executable_path/Frameworks",
					"@loader_path/Frameworks",
				);
				MARKETING_VERSION = 1.0;
				PRODUCT_BUNDLE_IDENTIFIER = "st-bernard.GitHubClientUITests";
				PRODUCT_NAME = "$(TARGET_NAME)";
				SWIFT_EMIT_LOC_STRINGS = NO;
				SWIFT_VERSION = 5.0;
				TARGETED_DEVICE_FAMILY = "1,2";
				TEST_TARGET_NAME = GitHubClient;
			};
			name = Debug;
		};
		05E6BA452768972E00561F32 /* Release */ = {
			isa = XCBuildConfiguration;
			buildSettings = {
				ALWAYS_EMBED_SWIFT_STANDARD_LIBRARIES = YES;
				CODE_SIGN_STYLE = Automatic;
				CURRENT_PROJECT_VERSION = 1;
				GENERATE_INFOPLIST_FILE = YES;
				LD_RUNPATH_SEARCH_PATHS = (
					"$(inherited)",
					"@executable_path/Frameworks",
					"@loader_path/Frameworks",
				);
				MARKETING_VERSION = 1.0;
				PRODUCT_BUNDLE_IDENTIFIER = "st-bernard.GitHubClientUITests";
				PRODUCT_NAME = "$(TARGET_NAME)";
				SWIFT_EMIT_LOC_STRINGS = NO;
				SWIFT_VERSION = 5.0;
				TARGETED_DEVICE_FAMILY = "1,2";
				TEST_TARGET_NAME = GitHubClient;
			};
			name = Release;
		};
/* End XCBuildConfiguration section */

/* Begin XCConfigurationList section */
		05E6BA0E2768972C00561F32 /* Build configuration list for PBXProject "GitHubClient" */ = {
			isa = XCConfigurationList;
			buildConfigurations = (
				05E6BA3B2768972E00561F32 /* Debug */,
				05E6BA3C2768972E00561F32 /* Release */,
			);
			defaultConfigurationIsVisible = 0;
			defaultConfigurationName = Release;
		};
		05E6BA3D2768972E00561F32 /* Build configuration list for PBXNativeTarget "GitHubClient" */ = {
			isa = XCConfigurationList;
			buildConfigurations = (
				05E6BA3E2768972E00561F32 /* Debug */,
				05E6BA3F2768972E00561F32 /* Release */,
			);
			defaultConfigurationIsVisible = 0;
			defaultConfigurationName = Release;
		};
		05E6BA402768972E00561F32 /* Build configuration list for PBXNativeTarget "GitHubClientTests" */ = {
			isa = XCConfigurationList;
			buildConfigurations = (
				05E6BA412768972E00561F32 /* Debug */,
				05E6BA422768972E00561F32 /* Release */,
			);
			defaultConfigurationIsVisible = 0;
			defaultConfigurationName = Release;
		};
		05E6BA432768972E00561F32 /* Build configuration list for PBXNativeTarget "GitHubClientUITests" */ = {
			isa = XCConfigurationList;
			buildConfigurations = (
				05E6BA442768972E00561F32 /* Debug */,
				05E6BA452768972E00561F32 /* Release */,
			);
			defaultConfigurationIsVisible = 0;
			defaultConfigurationName = Release;
		};
/* End XCConfigurationList section */
	};
	rootObject = 05E6BA0B2768972C00561F32 /* Project object */;
}
